
Microsoft Visual Studio Solution File, Format Version 12.00
# Visual Studio Version 17
VisualStudioVersion = 17.5.002.0
MinimumVisualStudioVersion = 10.0.40219.1
Project("{9A19103F-16F7-4668-BE54-9A1E7A4F7556}") = "TTT", "TTT\TTT.csproj", "{48318657-5237-4DE9-988B-632897A8DC1A}"
EndProject
Project("{2150E333-8FDC-42A3-9474-1A3956D46DE8}") = "mod", "mod", "{F909E191-4DC2-40AF-B5D8-0B1BF5243F38}"
EndProject
Project("{9A19103F-16F7-4668-BE54-9A1E7A4F7556}") = "TTT.Detective", "mod\TTT.Detective\TTT.Detective.csproj", "{67B92EB3-E39B-45DC-AF69-FBE9E8FA1B14}"
EndProject
Project("{9A19103F-16F7-4668-BE54-9A1E7A4F7556}") = "TTT.Logs", "mod\TTT.Logs\TTT.Logs.csproj", "{C28ED7A8-A1EC-4AB9-AC0C-08F7BB60C87E}"
EndProject
Project("{9A19103F-16F7-4668-BE54-9A1E7A4F7556}") = "TTT.Manager", "mod\TTT.Manager\TTT.Manager.csproj", "{F79E2F6A-BD70-478C-951A-E0B8EEC6DB3A}"
EndProject
Project("{9A19103F-16F7-4668-BE54-9A1E7A4F7556}") = "TTT.Player", "mod\TTT.Player\TTT.Player.csproj", "{A89CFBC7-0CF8-4635-A92C-48E5F415A15D}"
EndProject
Project("{9A19103F-16F7-4668-BE54-9A1E7A4F7556}") = "TTT.Roles", "mod\TTT.Roles\TTT.Roles.csproj", "{C7781945-46C7-4186-A6AC-B51B9BCE7046}"
EndProject
Project("{9A19103F-16F7-4668-BE54-9A1E7A4F7556}") = "TTT.Round", "mod\TTT.Round\TTT.Round.csproj", "{9F72A49C-227D-4116-A4E1-E3F7A55DB93A}"
EndProject
Project("{9A19103F-16F7-4668-BE54-9A1E7A4F7556}") = "TTT.Scoreboard", "mod\TTT.Scoreboard\TTT.Scoreboard.csproj", "{35901EFC-57A7-4926-9CE4-F74BACEB8EBD}"
EndProject
Project("{9A19103F-16F7-4668-BE54-9A1E7A4F7556}") = "TTT.Shop", "mod\TTT.Shop\TTT.Shop.csproj", "{0C6B8B90-E850-465B-BE6C-62A1EC9ABFDD}"
EndProject
Project("{2150E333-8FDC-42A3-9474-1A3956D46DE8}") = "public", "public", "{B626176D-0316-4DA6-A7B9-27A35DB4C3B8}"
EndProject
Project("{9A19103F-16F7-4668-BE54-9A1E7A4F7556}") = "TTT.Formatting", "public\TTT.Formatting\TTT.Formatting.csproj", "{B3CAE49C-1450-4BAF-B4E9-3C7225A593E2}"
EndProject
Project("{9A19103F-16F7-4668-BE54-9A1E7A4F7556}") = "TTT.Public", "public\TTT.Public\TTT.Public.csproj", "{2B191643-CF40-4566-928E-0590092C86DD}"
EndProject
Global
	GlobalSection(SolutionConfigurationPlatforms) = preSolution
		Debug|Any CPU = Debug|Any CPU
		Release|Any CPU = Release|Any CPU
	EndGlobalSection
	GlobalSection(ProjectConfigurationPlatforms) = postSolution
		{48318657-5237-4DE9-988B-632897A8DC1A}.Debug|Any CPU.ActiveCfg = Debug|Any CPU
		{48318657-5237-4DE9-988B-632897A8DC1A}.Debug|Any CPU.Build.0 = Debug|Any CPU
		{48318657-5237-4DE9-988B-632897A8DC1A}.Release|Any CPU.ActiveCfg = Release|Any CPU
		{48318657-5237-4DE9-988B-632897A8DC1A}.Release|Any CPU.Build.0 = Release|Any CPU
		{67B92EB3-E39B-45DC-AF69-FBE9E8FA1B14}.Debug|Any CPU.ActiveCfg = Debug|Any CPU
		{67B92EB3-E39B-45DC-AF69-FBE9E8FA1B14}.Debug|Any CPU.Build.0 = Debug|Any CPU
		{67B92EB3-E39B-45DC-AF69-FBE9E8FA1B14}.Release|Any CPU.ActiveCfg = Release|Any CPU
		{67B92EB3-E39B-45DC-AF69-FBE9E8FA1B14}.Release|Any CPU.Build.0 = Release|Any CPU
		{C28ED7A8-A1EC-4AB9-AC0C-08F7BB60C87E}.Debug|Any CPU.ActiveCfg = Debug|Any CPU
		{C28ED7A8-A1EC-4AB9-AC0C-08F7BB60C87E}.Debug|Any CPU.Build.0 = Debug|Any CPU
		{C28ED7A8-A1EC-4AB9-AC0C-08F7BB60C87E}.Release|Any CPU.ActiveCfg = Release|Any CPU
		{C28ED7A8-A1EC-4AB9-AC0C-08F7BB60C87E}.Release|Any CPU.Build.0 = Release|Any CPU
		{F79E2F6A-BD70-478C-951A-E0B8EEC6DB3A}.Debug|Any CPU.ActiveCfg = Debug|Any CPU
		{F79E2F6A-BD70-478C-951A-E0B8EEC6DB3A}.Debug|Any CPU.Build.0 = Debug|Any CPU
		{F79E2F6A-BD70-478C-951A-E0B8EEC6DB3A}.Release|Any CPU.ActiveCfg = Release|Any CPU
		{F79E2F6A-BD70-478C-951A-E0B8EEC6DB3A}.Release|Any CPU.Build.0 = Release|Any CPU
		{A89CFBC7-0CF8-4635-A92C-48E5F415A15D}.Debug|Any CPU.ActiveCfg = Debug|Any CPU
		{A89CFBC7-0CF8-4635-A92C-48E5F415A15D}.Debug|Any CPU.Build.0 = Debug|Any CPU
		{A89CFBC7-0CF8-4635-A92C-48E5F415A15D}.Release|Any CPU.ActiveCfg = Release|Any CPU
		{A89CFBC7-0CF8-4635-A92C-48E5F415A15D}.Release|Any CPU.Build.0 = Release|Any CPU
		{C7781945-46C7-4186-A6AC-B51B9BCE7046}.Debug|Any CPU.ActiveCfg = Debug|Any CPU
		{C7781945-46C7-4186-A6AC-B51B9BCE7046}.Debug|Any CPU.Build.0 = Debug|Any CPU
		{C7781945-46C7-4186-A6AC-B51B9BCE7046}.Release|Any CPU.ActiveCfg = Release|Any CPU
		{C7781945-46C7-4186-A6AC-B51B9BCE7046}.Release|Any CPU.Build.0 = Release|Any CPU
		{9F72A49C-227D-4116-A4E1-E3F7A55DB93A}.Debug|Any CPU.ActiveCfg = Debug|Any CPU
		{9F72A49C-227D-4116-A4E1-E3F7A55DB93A}.Debug|Any CPU.Build.0 = Debug|Any CPU
		{9F72A49C-227D-4116-A4E1-E3F7A55DB93A}.Release|Any CPU.ActiveCfg = Release|Any CPU
		{9F72A49C-227D-4116-A4E1-E3F7A55DB93A}.Release|Any CPU.Build.0 = Release|Any CPU
		{35901EFC-57A7-4926-9CE4-F74BACEB8EBD}.Debug|Any CPU.ActiveCfg = Debug|Any CPU
		{35901EFC-57A7-4926-9CE4-F74BACEB8EBD}.Debug|Any CPU.Build.0 = Debug|Any CPU
		{35901EFC-57A7-4926-9CE4-F74BACEB8EBD}.Release|Any CPU.ActiveCfg = Release|Any CPU
		{35901EFC-57A7-4926-9CE4-F74BACEB8EBD}.Release|Any CPU.Build.0 = Release|Any CPU
		{0C6B8B90-E850-465B-BE6C-62A1EC9ABFDD}.Debug|Any CPU.ActiveCfg = Debug|Any CPU
		{0C6B8B90-E850-465B-BE6C-62A1EC9ABFDD}.Debug|Any CPU.Build.0 = Debug|Any CPU
		{0C6B8B90-E850-465B-BE6C-62A1EC9ABFDD}.Release|Any CPU.ActiveCfg = Release|Any CPU
		{0C6B8B90-E850-465B-BE6C-62A1EC9ABFDD}.Release|Any CPU.Build.0 = Release|Any CPU
		{B3CAE49C-1450-4BAF-B4E9-3C7225A593E2}.Debug|Any CPU.ActiveCfg = Debug|Any CPU
		{B3CAE49C-1450-4BAF-B4E9-3C7225A593E2}.Debug|Any CPU.Build.0 = Debug|Any CPU
		{B3CAE49C-1450-4BAF-B4E9-3C7225A593E2}.Release|Any CPU.ActiveCfg = Release|Any CPU
		{B3CAE49C-1450-4BAF-B4E9-3C7225A593E2}.Release|Any CPU.Build.0 = Release|Any CPU
		{2B191643-CF40-4566-928E-0590092C86DD}.Debug|Any CPU.ActiveCfg = Debug|Any CPU
		{2B191643-CF40-4566-928E-0590092C86DD}.Debug|Any CPU.Build.0 = Debug|Any CPU
		{2B191643-CF40-4566-928E-0590092C86DD}.Release|Any CPU.ActiveCfg = Release|Any CPU
		{2B191643-CF40-4566-928E-0590092C86DD}.Release|Any CPU.Build.0 = Release|Any CPU
	EndGlobalSection
	GlobalSection(SolutionProperties) = preSolution
		HideSolutionNode = FALSE
	EndGlobalSection
	GlobalSection(NestedProjects) = preSolution
		{67B92EB3-E39B-45DC-AF69-FBE9E8FA1B14} = {F909E191-4DC2-40AF-B5D8-0B1BF5243F38}
		{C28ED7A8-A1EC-4AB9-AC0C-08F7BB60C87E} = {F909E191-4DC2-40AF-B5D8-0B1BF5243F38}
		{F79E2F6A-BD70-478C-951A-E0B8EEC6DB3A} = {F909E191-4DC2-40AF-B5D8-0B1BF5243F38}
		{A89CFBC7-0CF8-4635-A92C-48E5F415A15D} = {F909E191-4DC2-40AF-B5D8-0B1BF5243F38}
		{C7781945-46C7-4186-A6AC-B51B9BCE7046} = {F909E191-4DC2-40AF-B5D8-0B1BF5243F38}
		{9F72A49C-227D-4116-A4E1-E3F7A55DB93A} = {F909E191-4DC2-40AF-B5D8-0B1BF5243F38}
		{35901EFC-57A7-4926-9CE4-F74BACEB8EBD} = {F909E191-4DC2-40AF-B5D8-0B1BF5243F38}
		{0C6B8B90-E850-465B-BE6C-62A1EC9ABFDD} = {F909E191-4DC2-40AF-B5D8-0B1BF5243F38}
		{B3CAE49C-1450-4BAF-B4E9-3C7225A593E2} = {B626176D-0316-4DA6-A7B9-27A35DB4C3B8}
		{2B191643-CF40-4566-928E-0590092C86DD} = {B626176D-0316-4DA6-A7B9-27A35DB4C3B8}
	EndGlobalSection
	GlobalSection(ExtensibilityGlobals) = postSolution
		SolutionGuid = {361FE47A-E10D-42A0-B5E3-44F40A45DF47}
	EndGlobalSection
EndGlobal
